
Microsoft Visual Studio Solution File, Format Version 12.00
# Visual Studio Version 16
VisualStudioVersion = 16.0.29025.244
MinimumVisualStudioVersion = 10.0.40219.1
Project("{FAE04EC0-301F-11D3-BF4B-00C04F79EFBC}") = "OdeToFood", "OdeToFood\OdeToFood.csproj", "{64900141-C6D0-4199-B800-2F743FB6197E}"
EndProject
Project("{FAE04EC0-301F-11D3-BF4B-00C04F79EFBC}") = "OdeToFoodTest", "OdeToFoodTest\OdeToFoodTest.csproj", "{C0A998F0-B427-48A1-8602-3D27CCF4C0A1}"
EndProject
Global
	GlobalSection(SolutionConfigurationPlatforms) = preSolution
		Debug|Any CPU = Debug|Any CPU
		Release|Any CPU = Release|Any CPU
	EndGlobalSection
	GlobalSection(ProjectConfigurationPlatforms) = postSolution
		{64900141-C6D0-4199-B800-2F743FB6197E}.Debug|Any CPU.ActiveCfg = Debug|Any CPU
		{64900141-C6D0-4199-B800-2F743FB6197E}.Debug|Any CPU.Build.0 = Debug|Any CPU
		{64900141-C6D0-4199-B800-2F743FB6197E}.Release|Any CPU.ActiveCfg = Release|Any CPU
		{64900141-C6D0-4199-B800-2F743FB6197E}.Release|Any CPU.Build.0 = Release|Any CPU
		{C0A998F0-B427-48A1-8602-3D27CCF4C0A1}.Debug|Any CPU.ActiveCfg = Debug|Any CPU
		{C0A998F0-B427-48A1-8602-3D27CCF4C0A1}.Debug|Any CPU.Build.0 = Debug|Any CPU
		{C0A998F0-B427-48A1-8602-3D27CCF4C0A1}.Release|Any CPU.ActiveCfg = Release|Any CPU
		{C0A998F0-B427-48A1-8602-3D27CCF4C0A1}.Release|Any CPU.Build.0 = Release|Any CPU
	EndGlobalSection
	GlobalSection(SolutionProperties) = preSolution
		HideSolutionNode = FALSE
	EndGlobalSection
	GlobalSection(ExtensibilityGlobals) = postSolution
		SolutionGuid = {37C2F234-F6FA-4205-A1F4-4E5C90C9AC8E}
	EndGlobalSection
EndGlobal
