
Microsoft Visual Studio Solution File, Format Version 12.00
# Visual Studio Version 16
VisualStudioVersion = 16.0.29020.237
MinimumVisualStudioVersion = 10.0.40219.1
Project("{FAE04EC0-301F-11D3-BF4B-00C04F79EFBC}") = "WebAPI", "WebAPI\WebAPI.csproj", "{24CE74D5-98E1-44C3-BDF4-A3029FC11E25}"
EndProject
Project("{FAE04EC0-301F-11D3-BF4B-00C04F79EFBC}") = "Repository.TestData", "..\Extensibility\Repository.TestData\Repository.TestData.csproj", "{82ADDDC3-36D7-4AD7-8311-A4CE3A9BB963}"
EndProject
Global
	GlobalSection(SolutionConfigurationPlatforms) = preSolution
		Debug|Any CPU = Debug|Any CPU
		Release|Any CPU = Release|Any CPU
	EndGlobalSection
	GlobalSection(ProjectConfigurationPlatforms) = postSolution
		{24CE74D5-98E1-44C3-BDF4-A3029FC11E25}.Debug|Any CPU.ActiveCfg = Debug|Any CPU
		{24CE74D5-98E1-44C3-BDF4-A3029FC11E25}.Debug|Any CPU.Build.0 = Debug|Any CPU
		{24CE74D5-98E1-44C3-BDF4-A3029FC11E25}.Release|Any CPU.ActiveCfg = Release|Any CPU
		{24CE74D5-98E1-44C3-BDF4-A3029FC11E25}.Release|Any CPU.Build.0 = Release|Any CPU
		{82ADDDC3-36D7-4AD7-8311-A4CE3A9BB963}.Debug|Any CPU.ActiveCfg = Debug|Any CPU
		{82ADDDC3-36D7-4AD7-8311-A4CE3A9BB963}.Debug|Any CPU.Build.0 = Debug|Any CPU
		{82ADDDC3-36D7-4AD7-8311-A4CE3A9BB963}.Release|Any CPU.ActiveCfg = Release|Any CPU
		{82ADDDC3-36D7-4AD7-8311-A4CE3A9BB963}.Release|Any CPU.Build.0 = Release|Any CPU
	EndGlobalSection
	GlobalSection(SolutionProperties) = preSolution
		HideSolutionNode = FALSE
	EndGlobalSection
	GlobalSection(ExtensibilityGlobals) = postSolution
		SolutionGuid = {90F8716D-F7A8-4C46-9B28-161911933591}
	EndGlobalSection
EndGlobal
