
Microsoft Visual Studio Solution File, Format Version 12.00
# Visual Studio Version 16
VisualStudioVersion = 16.0.28803.352
MinimumVisualStudioVersion = 10.0.40219.1
Project("{FAE04EC0-301F-11D3-BF4B-00C04F79EFBC}") = "AsynAndRestApi", "AsynAndRestApi\AsynAndRestApi.csproj", "{BEB56300-43D4-4D45-8AE4-1B28F5FC101E}"
EndProject
Project("{FAE04EC0-301F-11D3-BF4B-00C04F79EFBC}") = "Repository.TestData", "..\Extensibility\Repository.TestData\Repository.TestData.csproj", "{82ADDDC3-36D7-4AD7-8311-A4CE3A9BB963}"
EndProject
Project("{9A19103F-16F7-4668-BE54-9A1E7A4F7556}") = "ConcurrentCollections", "ConcurrentCollectioins\ConcurrentCollections.csproj", "{01636A36-320A-4A1B-8F25-04A5C12CCB0D}"
EndProject
Project("{FAE04EC0-301F-11D3-BF4B-00C04F79EFBC}") = "ConcurrentDictionaries", "ConcurrentDictionaries\ConcurrentDictionaries.csproj", "{73323A64-F777-4146-BDC3-55E2EFE04E52}"
EndProject
Global
	GlobalSection(SolutionConfigurationPlatforms) = preSolution
		Debug|Any CPU = Debug|Any CPU
		Release|Any CPU = Release|Any CPU
	EndGlobalSection
	GlobalSection(ProjectConfigurationPlatforms) = postSolution
		{BEB56300-43D4-4D45-8AE4-1B28F5FC101E}.Debug|Any CPU.ActiveCfg = Debug|Any CPU
		{BEB56300-43D4-4D45-8AE4-1B28F5FC101E}.Debug|Any CPU.Build.0 = Debug|Any CPU
		{BEB56300-43D4-4D45-8AE4-1B28F5FC101E}.Release|Any CPU.ActiveCfg = Release|Any CPU
		{BEB56300-43D4-4D45-8AE4-1B28F5FC101E}.Release|Any CPU.Build.0 = Release|Any CPU
		{82ADDDC3-36D7-4AD7-8311-A4CE3A9BB963}.Debug|Any CPU.ActiveCfg = Debug|Any CPU
		{82ADDDC3-36D7-4AD7-8311-A4CE3A9BB963}.Debug|Any CPU.Build.0 = Debug|Any CPU
		{82ADDDC3-36D7-4AD7-8311-A4CE3A9BB963}.Release|Any CPU.ActiveCfg = Release|Any CPU
		{82ADDDC3-36D7-4AD7-8311-A4CE3A9BB963}.Release|Any CPU.Build.0 = Release|Any CPU
		{01636A36-320A-4A1B-8F25-04A5C12CCB0D}.Debug|Any CPU.ActiveCfg = Debug|Any CPU
		{01636A36-320A-4A1B-8F25-04A5C12CCB0D}.Debug|Any CPU.Build.0 = Debug|Any CPU
		{01636A36-320A-4A1B-8F25-04A5C12CCB0D}.Release|Any CPU.ActiveCfg = Release|Any CPU
		{01636A36-320A-4A1B-8F25-04A5C12CCB0D}.Release|Any CPU.Build.0 = Release|Any CPU
		{73323A64-F777-4146-BDC3-55E2EFE04E52}.Debug|Any CPU.ActiveCfg = Debug|Any CPU
		{73323A64-F777-4146-BDC3-55E2EFE04E52}.Debug|Any CPU.Build.0 = Debug|Any CPU
		{73323A64-F777-4146-BDC3-55E2EFE04E52}.Release|Any CPU.ActiveCfg = Release|Any CPU
		{73323A64-F777-4146-BDC3-55E2EFE04E52}.Release|Any CPU.Build.0 = Release|Any CPU
	EndGlobalSection
	GlobalSection(SolutionProperties) = preSolution
		HideSolutionNode = FALSE
	EndGlobalSection
	GlobalSection(ExtensibilityGlobals) = postSolution
		SolutionGuid = {154F21A5-C242-4EAD-AEE7-A27D54692FA9}
	EndGlobalSection
EndGlobal
