
Microsoft Visual Studio Solution File, Format Version 12.00
# Visual Studio Version 16
VisualStudioVersion = 16.0.29025.244
MinimumVisualStudioVersion = 10.0.40219.1
Project("{FAE04EC0-301F-11D3-BF4B-00C04F79EFBC}") = "MicrosoftCertification_CSHARP", "MicrosoftCertification_CSHARP\MicrosoftCertification_CSHARP.csproj", "{95CE910A-E9EF-4F85-8B49-3CB79BF57CA7}"
EndProject
Global
	GlobalSection(SolutionConfigurationPlatforms) = preSolution
		Debug|Any CPU = Debug|Any CPU
		Release|Any CPU = Release|Any CPU
	EndGlobalSection
	GlobalSection(ProjectConfigurationPlatforms) = postSolution
		{95CE910A-E9EF-4F85-8B49-3CB79BF57CA7}.Debug|Any CPU.ActiveCfg = Debug|Any CPU
		{95CE910A-E9EF-4F85-8B49-3CB79BF57CA7}.Debug|Any CPU.Build.0 = Debug|Any CPU
		{95CE910A-E9EF-4F85-8B49-3CB79BF57CA7}.Release|Any CPU.ActiveCfg = Release|Any CPU
		{95CE910A-E9EF-4F85-8B49-3CB79BF57CA7}.Release|Any CPU.Build.0 = Release|Any CPU
	EndGlobalSection
	GlobalSection(SolutionProperties) = preSolution
		HideSolutionNode = FALSE
	EndGlobalSection
	GlobalSection(ExtensibilityGlobals) = postSolution
		SolutionGuid = {88C0EF8F-6F52-4AAF-9208-5BE97FE959F9}
	EndGlobalSection
EndGlobal
